// !$*UTF8*$!
{
	archiveVersion = 1;
	classes = {
	};
	objectVersion = 56;
	objects = {

/* Begin PBXBuildFile section */
		CE18356B2A684E5600F802CA /* WelcomeView.swift in Sources */ = {isa = PBXBuildFile; fileRef = CE18356A2A684E5600F802CA /* WelcomeView.swift */; };
		CE18356D2A6852DF00F802CA /* Test.swift in Sources */ = {isa = PBXBuildFile; fileRef = CE18356C2A6852DF00F802CA /* Test.swift */; };
		CE4997E42A5DCFB10028B1E9 /* QuestionsBrain.swift in Sources */ = {isa = PBXBuildFile; fileRef = CE4997E32A5DCFB10028B1E9 /* QuestionsBrain.swift */; };
		CE6F31422A8D2EE100CFB718 /* SignUp.swift in Sources */ = {isa = PBXBuildFile; fileRef = CEED702F2A718034002FE954 /* SignUp.swift */; };
		CE6F31442A8D318900CFB718 /* SignUpViewModel.swift in Sources */ = {isa = PBXBuildFile; fileRef = CE6F31432A8D318900CFB718 /* SignUpViewModel.swift */; };
		CE6F31462A8D36C700CFB718 /* Step2View.swift in Sources */ = {isa = PBXBuildFile; fileRef = CE6F31452A8D36C700CFB718 /* Step2View.swift */; };
		CE739DCF2A43569E0019B7EE /* GoogleService-Info.plist in Resources */ = {isa = PBXBuildFile; fileRef = CE739DCE2A43569D0019B7EE /* GoogleService-Info.plist */; };
		CE739DD22A435A6D0019B7EE /* FirebaseAnalytics in Frameworks */ = {isa = PBXBuildFile; productRef = CE739DD12A435A6D0019B7EE /* FirebaseAnalytics */; };
		CE739DD42A435A6D0019B7EE /* FirebaseFirestore in Frameworks */ = {isa = PBXBuildFile; productRef = CE739DD32A435A6D0019B7EE /* FirebaseFirestore */; };
		CE739DD62A435A6D0019B7EE /* FirebaseFirestoreSwift in Frameworks */ = {isa = PBXBuildFile; productRef = CE739DD52A435A6D0019B7EE /* FirebaseFirestoreSwift */; };
		CE8505732A30E75500AA228B /* QAQuizApp.swift in Sources */ = {isa = PBXBuildFile; fileRef = CE8505722A30E75500AA228B /* QAQuizApp.swift */; };
		CE8505752A30E75500AA228B /* ContentView.swift in Sources */ = {isa = PBXBuildFile; fileRef = CE8505742A30E75500AA228B /* ContentView.swift */; };
		CE8505772A30E75800AA228B /* Assets.xcassets in Resources */ = {isa = PBXBuildFile; fileRef = CE8505762A30E75800AA228B /* Assets.xcassets */; };
		CE85057A2A30E75800AA228B /* Preview Assets.xcassets in Resources */ = {isa = PBXBuildFile; fileRef = CE8505792A30E75800AA228B /* Preview Assets.xcassets */; };
		CE8505812A30EF7E00AA228B /* Anton-Regular.ttf in Resources */ = {isa = PBXBuildFile; fileRef = CE8505802A30EF7E00AA228B /* Anton-Regular.ttf */; };
		CEA5D5FE2A84045B00058D47 /* SignUpView.swift in Sources */ = {isa = PBXBuildFile; fileRef = CEA5D5FD2A84045B00058D47 /* SignUpView.swift */; };
		CEA5D6002A8404A500058D47 /* Step1View.swift in Sources */ = {isa = PBXBuildFile; fileRef = CEA5D5FF2A8404A500058D47 /* Step1View.swift */; };
		CEA5D6022A8404E000058D47 /* AuthTextField.swift in Sources */ = {isa = PBXBuildFile; fileRef = CEA5D6012A8404E000058D47 /* AuthTextField.swift */; };
		CED049B92A5DBF5E0012F927 /* QuestionView.swift in Sources */ = {isa = PBXBuildFile; fileRef = CED049B82A5DBF5E0012F927 /* QuestionView.swift */; };
		CED049BB2A5DBF9C0012F927 /* QuestionsViewModel.swift in Sources */ = {isa = PBXBuildFile; fileRef = CED049BA2A5DBF9C0012F927 /* QuestionsViewModel.swift */; };
		CED049BD2A5DC0A60012F927 /* Question.swift in Sources */ = {isa = PBXBuildFile; fileRef = CED049BC2A5DC0A60012F927 /* Question.swift */; };
		CEEC0FF22A4C9BD400751888 /* QuizBeginView.swift in Sources */ = {isa = PBXBuildFile; fileRef = CEEC0FF12A4C9BD400751888 /* QuizBeginView.swift */; };
/* End PBXBuildFile section */

/* Begin PBXFileReference section */
		CE18356A2A684E5600F802CA /* WelcomeView.swift */ = {isa = PBXFileReference; lastKnownFileType = sourcecode.swift; path = WelcomeView.swift; sourceTree = "<group>"; };
		CE18356C2A6852DF00F802CA /* Test.swift */ = {isa = PBXFileReference; lastKnownFileType = sourcecode.swift; path = Test.swift; sourceTree = "<group>"; };
		CE4997E32A5DCFB10028B1E9 /* QuestionsBrain.swift */ = {isa = PBXFileReference; lastKnownFileType = sourcecode.swift; path = QuestionsBrain.swift; sourceTree = "<group>"; };
		CE6F31432A8D318900CFB718 /* SignUpViewModel.swift */ = {isa = PBXFileReference; lastKnownFileType = sourcecode.swift; path = SignUpViewModel.swift; sourceTree = "<group>"; };
		CE6F31452A8D36C700CFB718 /* Step2View.swift */ = {isa = PBXFileReference; lastKnownFileType = sourcecode.swift; path = Step2View.swift; sourceTree = "<group>"; };
		CE739DCE2A43569D0019B7EE /* GoogleService-Info.plist */ = {isa = PBXFileReference; fileEncoding = 4; lastKnownFileType = text.plist.xml; path = "GoogleService-Info.plist"; sourceTree = "<group>"; };
		CE85056F2A30E75500AA228B /* QAQuiz.app */ = {isa = PBXFileReference; explicitFileType = wrapper.application; includeInIndex = 0; path = QAQuiz.app; sourceTree = BUILT_PRODUCTS_DIR; };
		CE8505722A30E75500AA228B /* QAQuizApp.swift */ = {isa = PBXFileReference; lastKnownFileType = sourcecode.swift; path = QAQuizApp.swift; sourceTree = "<group>"; };
		CE8505742A30E75500AA228B /* ContentView.swift */ = {isa = PBXFileReference; lastKnownFileType = sourcecode.swift; path = ContentView.swift; sourceTree = "<group>"; };
		CE8505762A30E75800AA228B /* Assets.xcassets */ = {isa = PBXFileReference; lastKnownFileType = folder.assetcatalog; path = Assets.xcassets; sourceTree = "<group>"; };
		CE8505792A30E75800AA228B /* Preview Assets.xcassets */ = {isa = PBXFileReference; lastKnownFileType = folder.assetcatalog; path = "Preview Assets.xcassets"; sourceTree = "<group>"; };
		CE8505802A30EF7E00AA228B /* Anton-Regular.ttf */ = {isa = PBXFileReference; lastKnownFileType = file; path = "Anton-Regular.ttf"; sourceTree = "<group>"; };
		CE8505822A30F01D00AA228B /* Info.plist */ = {isa = PBXFileReference; lastKnownFileType = text.plist; path = Info.plist; sourceTree = "<group>"; };
		CEA5D5FD2A84045B00058D47 /* SignUpView.swift */ = {isa = PBXFileReference; lastKnownFileType = sourcecode.swift; path = SignUpView.swift; sourceTree = "<group>"; };
		CEA5D5FF2A8404A500058D47 /* Step1View.swift */ = {isa = PBXFileReference; lastKnownFileType = sourcecode.swift; path = Step1View.swift; sourceTree = "<group>"; };
		CEA5D6012A8404E000058D47 /* AuthTextField.swift */ = {isa = PBXFileReference; lastKnownFileType = sourcecode.swift; path = AuthTextField.swift; sourceTree = "<group>"; };
		CED049B82A5DBF5E0012F927 /* QuestionView.swift */ = {isa = PBXFileReference; lastKnownFileType = sourcecode.swift; path = QuestionView.swift; sourceTree = "<group>"; };
		CED049BA2A5DBF9C0012F927 /* QuestionsViewModel.swift */ = {isa = PBXFileReference; lastKnownFileType = sourcecode.swift; path = QuestionsViewModel.swift; sourceTree = "<group>"; };
		CED049BC2A5DC0A60012F927 /* Question.swift */ = {isa = PBXFileReference; lastKnownFileType = sourcecode.swift; path = Question.swift; sourceTree = "<group>"; };
		CEEC0FEC2A4C969500751888 /* README.md */ = {isa = PBXFileReference; lastKnownFileType = net.daringfireball.markdown; path = README.md; sourceTree = "<group>"; };
		CEEC0FF12A4C9BD400751888 /* QuizBeginView.swift */ = {isa = PBXFileReference; lastKnownFileType = sourcecode.swift; path = QuizBeginView.swift; sourceTree = "<group>"; };
		CEED702F2A718034002FE954 /* SignUp.swift */ = {isa = PBXFileReference; lastKnownFileType = sourcecode.swift; path = SignUp.swift; sourceTree = "<group>"; };
/* End PBXFileReference section */

/* Begin PBXFrameworksBuildPhase section */
		CE85056C2A30E75500AA228B /* Frameworks */ = {
			isa = PBXFrameworksBuildPhase;
			buildActionMask = 2147483647;
			files = (
				CE739DD22A435A6D0019B7EE /* FirebaseAnalytics in Frameworks */,
				CE739DD42A435A6D0019B7EE /* FirebaseFirestore in Frameworks */,
				CE739DD62A435A6D0019B7EE /* FirebaseFirestoreSwift in Frameworks */,
			);
			runOnlyForDeploymentPostprocessing = 0;
		};
/* End PBXFrameworksBuildPhase section */

/* Begin PBXGroup section */
		CE1835692A684E2F00F802CA /* Welcome */ = {
			isa = PBXGroup;
			children = (
				CE18356A2A684E5600F802CA /* WelcomeView.swift */,
				CE18356C2A6852DF00F802CA /* Test.swift */,
			);
			name = Welcome;
			sourceTree = "<group>";
		};
		CE8505662A30E75500AA228B = {
			isa = PBXGroup;
			children = (
				CEEC0FEC2A4C969500751888 /* README.md */,
				CE8505712A30E75500AA228B /* QAQuiz */,
				CE8505702A30E75500AA228B /* Products */,
			);
			sourceTree = "<group>";
		};
		CE8505702A30E75500AA228B /* Products */ = {
			isa = PBXGroup;
			children = (
				CE85056F2A30E75500AA228B /* QAQuiz.app */,
			);
			name = Products;
			sourceTree = "<group>";
		};
		CE8505712A30E75500AA228B /* QAQuiz */ = {
			isa = PBXGroup;
			children = (
				CEEC0FED2A4C9A1C00751888 /* Supporting files */,
				CEEC0FEE2A4C9AD000751888 /* App */,
				CEEC0FEF2A4C9B0700751888 /* Features */,
			);
			path = QAQuiz;
			sourceTree = "<group>";
		};
		CE8505782A30E75800AA228B /* Preview Content */ = {
			isa = PBXGroup;
			children = (
				CE8505792A30E75800AA228B /* Preview Assets.xcassets */,
			);
			path = "Preview Content";
			sourceTree = "<group>";
		};
		CEA5D5FB2A84041900058D47 /* Auth */ = {
			isa = PBXGroup;
			children = (
				CEA5D5FC2A84043200058D47 /* Sign Up */,
			);
			path = Auth;
			sourceTree = "<group>";
		};
		CEA5D5FC2A84043200058D47 /* Sign Up */ = {
			isa = PBXGroup;
			children = (
				CEED702F2A718034002FE954 /* SignUp.swift */,
				CEA5D5FD2A84045B00058D47 /* SignUpView.swift */,
				CEA5D5FF2A8404A500058D47 /* Step1View.swift */,
				CE6F31452A8D36C700CFB718 /* Step2View.swift */,
				CEA5D6012A8404E000058D47 /* AuthTextField.swift */,
				CE6F31432A8D318900CFB718 /* SignUpViewModel.swift */,
			);
			path = "Sign Up";
			sourceTree = "<group>";
		};
		CED049B72A5DBE740012F927 /* Questions */ = {
			isa = PBXGroup;
			children = (
				CED049B82A5DBF5E0012F927 /* QuestionView.swift */,
				CED049BA2A5DBF9C0012F927 /* QuestionsViewModel.swift */,
				CED049BC2A5DC0A60012F927 /* Question.swift */,
				CE4997E32A5DCFB10028B1E9 /* QuestionsBrain.swift */,
			);
			path = Questions;
			sourceTree = "<group>";
		};
		CEEC0FED2A4C9A1C00751888 /* Supporting files */ = {
			isa = PBXGroup;
			children = (
				CE8505762A30E75800AA228B /* Assets.xcassets */,
				CE739DCE2A43569D0019B7EE /* GoogleService-Info.plist */,
				CE8505822A30F01D00AA228B /* Info.plist */,
				CE8505802A30EF7E00AA228B /* Anton-Regular.ttf */,
				CE8505782A30E75800AA228B /* Preview Content */,
			);
			name = "Supporting files";
			sourceTree = "<group>";
		};
		CEEC0FEE2A4C9AD000751888 /* App */ = {
			isa = PBXGroup;
			children = (
				CE8505722A30E75500AA228B /* QAQuizApp.swift */,
			);
			name = App;
			sourceTree = "<group>";
		};
		CEEC0FEF2A4C9B0700751888 /* Features */ = {
			isa = PBXGroup;
			children = (
				CEA5D5FB2A84041900058D47 /* Auth */,
				CE1835692A684E2F00F802CA /* Welcome */,
				CED049B72A5DBE740012F927 /* Questions */,
				CEEC0FF02A4C9B9900751888 /* QuizBegin */,
				CE8505742A30E75500AA228B /* ContentView.swift */,
			);
			name = Features;
			sourceTree = "<group>";
		};
		CEEC0FF02A4C9B9900751888 /* QuizBegin */ = {
			isa = PBXGroup;
			children = (
				CEEC0FF12A4C9BD400751888 /* QuizBeginView.swift */,
			);
			name = QuizBegin;
			sourceTree = "<group>";
		};
/* End PBXGroup section */

/* Begin PBXNativeTarget section */
		CE85056E2A30E75500AA228B /* QAQuiz */ = {
			isa = PBXNativeTarget;
			buildConfigurationList = CE85057D2A30E75800AA228B /* Build configuration list for PBXNativeTarget "QAQuiz" */;
			buildPhases = (
				CE85056B2A30E75500AA228B /* Sources */,
				CE85056C2A30E75500AA228B /* Frameworks */,
				CE85056D2A30E75500AA228B /* Resources */,
			);
			buildRules = (
			);
			dependencies = (
			);
			name = QAQuiz;
			packageProductDependencies = (
				CE739DD12A435A6D0019B7EE /* FirebaseAnalytics */,
				CE739DD32A435A6D0019B7EE /* FirebaseFirestore */,
				CE739DD52A435A6D0019B7EE /* FirebaseFirestoreSwift */,
			);
			productName = QAQuiz;
			productReference = CE85056F2A30E75500AA228B /* QAQuiz.app */;
			productType = "com.apple.product-type.application";
		};
/* End PBXNativeTarget section */

/* Begin PBXProject section */
		CE8505672A30E75500AA228B /* Project object */ = {
			isa = PBXProject;
			attributes = {
				BuildIndependentTargetsInParallel = 1;
				LastSwiftUpdateCheck = 1430;
				LastUpgradeCheck = 1430;
				TargetAttributes = {
					CE85056E2A30E75500AA228B = {
						CreatedOnToolsVersion = 14.3;
					};
				};
			};
			buildConfigurationList = CE85056A2A30E75500AA228B /* Build configuration list for PBXProject "QAQuiz" */;
			compatibilityVersion = "Xcode 14.0";
			developmentRegion = en;
			hasScannedForEncodings = 0;
			knownRegions = (
				en,
				Base,
			);
			mainGroup = CE8505662A30E75500AA228B;
			packageReferences = (
				CE739DD02A435A6D0019B7EE /* XCRemoteSwiftPackageReference "firebase-ios-sdk" */,
			);
			productRefGroup = CE8505702A30E75500AA228B /* Products */;
			projectDirPath = "";
			projectRoot = "";
			targets = (
				CE85056E2A30E75500AA228B /* QAQuiz */,
			);
		};
/* End PBXProject section */

/* Begin PBXResourcesBuildPhase section */
		CE85056D2A30E75500AA228B /* Resources */ = {
			isa = PBXResourcesBuildPhase;
			buildActionMask = 2147483647;
			files = (
				CE85057A2A30E75800AA228B /* Preview Assets.xcassets in Resources */,
				CE739DCF2A43569E0019B7EE /* GoogleService-Info.plist in Resources */,
				CE8505772A30E75800AA228B /* Assets.xcassets in Resources */,
				CE8505812A30EF7E00AA228B /* Anton-Regular.ttf in Resources */,
			);
			runOnlyForDeploymentPostprocessing = 0;
		};
/* End PBXResourcesBuildPhase section */

/* Begin PBXSourcesBuildPhase section */
		CE85056B2A30E75500AA228B /* Sources */ = {
			isa = PBXSourcesBuildPhase;
			buildActionMask = 2147483647;
			files = (
				CED049B92A5DBF5E0012F927 /* QuestionView.swift in Sources */,
				CEA5D6002A8404A500058D47 /* Step1View.swift in Sources */,
				CED049BB2A5DBF9C0012F927 /* QuestionsViewModel.swift in Sources */,
				CE18356D2A6852DF00F802CA /* Test.swift in Sources */,
				CE4997E42A5DCFB10028B1E9 /* QuestionsBrain.swift in Sources */,
				CE18356B2A684E5600F802CA /* WelcomeView.swift in Sources */,
				CE6F31442A8D318900CFB718 /* SignUpViewModel.swift in Sources */,
				CE8505752A30E75500AA228B /* ContentView.swift in Sources */,
				CE6F31462A8D36C700CFB718 /* Step2View.swift in Sources */,
				CEA5D5FE2A84045B00058D47 /* SignUpView.swift in Sources */,
				CED049BD2A5DC0A60012F927 /* Question.swift in Sources */,
				CEA5D6022A8404E000058D47 /* AuthTextField.swift in Sources */,
				CE8505732A30E75500AA228B /* QAQuizApp.swift in Sources */,
				CE6F31422A8D2EE100CFB718 /* SignUp.swift in Sources */,
				CEEC0FF22A4C9BD400751888 /* QuizBeginView.swift in Sources */,
			);
			runOnlyForDeploymentPostprocessing = 0;
		};
/* End PBXSourcesBuildPhase section */

/* Begin XCBuildConfiguration section */
		CE85057B2A30E75800AA228B /* Debug */ = {
			isa = XCBuildConfiguration;
			buildSettings = {
				ALWAYS_SEARCH_USER_PATHS = NO;
				CLANG_ANALYZER_NONNULL = YES;
				CLANG_ANALYZER_NUMBER_OBJECT_CONVERSION = YES_AGGRESSIVE;
				CLANG_CXX_LANGUAGE_STANDARD = "gnu++20";
				CLANG_ENABLE_MODULES = YES;
				CLANG_ENABLE_OBJC_ARC = YES;
				CLANG_ENABLE_OBJC_WEAK = YES;
				CLANG_WARN_BLOCK_CAPTURE_AUTORELEASING = YES;
				CLANG_WARN_BOOL_CONVERSION = YES;
				CLANG_WARN_COMMA = YES;
				CLANG_WARN_CONSTANT_CONVERSION = YES;
				CLANG_WARN_DEPRECATED_OBJC_IMPLEMENTATIONS = YES;
				CLANG_WARN_DIRECT_OBJC_ISA_USAGE = YES_ERROR;
				CLANG_WARN_DOCUMENTATION_COMMENTS = YES;
				CLANG_WARN_EMPTY_BODY = YES;
				CLANG_WARN_ENUM_CONVERSION = YES;
				CLANG_WARN_INFINITE_RECURSION = YES;
				CLANG_WARN_INT_CONVERSION = YES;
				CLANG_WARN_NON_LITERAL_NULL_CONVERSION = YES;
				CLANG_WARN_OBJC_IMPLICIT_RETAIN_SELF = YES;
				CLANG_WARN_OBJC_LITERAL_CONVERSION = YES;
				CLANG_WARN_OBJC_ROOT_CLASS = YES_ERROR;
				CLANG_WARN_QUOTED_INCLUDE_IN_FRAMEWORK_HEADER = YES;
				CLANG_WARN_RANGE_LOOP_ANALYSIS = YES;
				CLANG_WARN_STRICT_PROTOTYPES = YES;
				CLANG_WARN_SUSPICIOUS_MOVE = YES;
				CLANG_WARN_UNGUARDED_AVAILABILITY = YES_AGGRESSIVE;
				CLANG_WARN_UNREACHABLE_CODE = YES;
				CLANG_WARN__DUPLICATE_METHOD_MATCH = YES;
				COPY_PHASE_STRIP = NO;
				DEBUG_INFORMATION_FORMAT = dwarf;
				ENABLE_STRICT_OBJC_MSGSEND = YES;
				ENABLE_TESTABILITY = YES;
				GCC_C_LANGUAGE_STANDARD = gnu11;
				GCC_DYNAMIC_NO_PIC = NO;
				GCC_NO_COMMON_BLOCKS = YES;
				GCC_OPTIMIZATION_LEVEL = 0;
				GCC_PREPROCESSOR_DEFINITIONS = (
					"DEBUG=1",
					"$(inherited)",
				);
				GCC_WARN_64_TO_32_BIT_CONVERSION = YES;
				GCC_WARN_ABOUT_RETURN_TYPE = YES_ERROR;
				GCC_WARN_UNDECLARED_SELECTOR = YES;
				GCC_WARN_UNINITIALIZED_AUTOS = YES_AGGRESSIVE;
				GCC_WARN_UNUSED_FUNCTION = YES;
				GCC_WARN_UNUSED_VARIABLE = YES;
				IPHONEOS_DEPLOYMENT_TARGET = 16.4;
				MTL_ENABLE_DEBUG_INFO = INCLUDE_SOURCE;
				MTL_FAST_MATH = YES;
				ONLY_ACTIVE_ARCH = YES;
				SDKROOT = iphoneos;
				SWIFT_ACTIVE_COMPILATION_CONDITIONS = DEBUG;
				SWIFT_OPTIMIZATION_LEVEL = "-Onone";
			};
			name = Debug;
		};
		CE85057C2A30E75800AA228B /* Release */ = {
			isa = XCBuildConfiguration;
			buildSettings = {
				ALWAYS_SEARCH_USER_PATHS = NO;
				CLANG_ANALYZER_NONNULL = YES;
				CLANG_ANALYZER_NUMBER_OBJECT_CONVERSION = YES_AGGRESSIVE;
				CLANG_CXX_LANGUAGE_STANDARD = "gnu++20";
				CLANG_ENABLE_MODULES = YES;
				CLANG_ENABLE_OBJC_ARC = YES;
				CLANG_ENABLE_OBJC_WEAK = YES;
				CLANG_WARN_BLOCK_CAPTURE_AUTORELEASING = YES;
				CLANG_WARN_BOOL_CONVERSION = YES;
				CLANG_WARN_COMMA = YES;
				CLANG_WARN_CONSTANT_CONVERSION = YES;
				CLANG_WARN_DEPRECATED_OBJC_IMPLEMENTATIONS = YES;
				CLANG_WARN_DIRECT_OBJC_ISA_USAGE = YES_ERROR;
				CLANG_WARN_DOCUMENTATION_COMMENTS = YES;
				CLANG_WARN_EMPTY_BODY = YES;
				CLANG_WARN_ENUM_CONVERSION = YES;
				CLANG_WARN_INFINITE_RECURSION = YES;
				CLANG_WARN_INT_CONVERSION = YES;
				CLANG_WARN_NON_LITERAL_NULL_CONVERSION = YES;
				CLANG_WARN_OBJC_IMPLICIT_RETAIN_SELF = YES;
				CLANG_WARN_OBJC_LITERAL_CONVERSION = YES;
				CLANG_WARN_OBJC_ROOT_CLASS = YES_ERROR;
				CLANG_WARN_QUOTED_INCLUDE_IN_FRAMEWORK_HEADER = YES;
				CLANG_WARN_RANGE_LOOP_ANALYSIS = YES;
				CLANG_WARN_STRICT_PROTOTYPES = YES;
				CLANG_WARN_SUSPICIOUS_MOVE = YES;
				CLANG_WARN_UNGUARDED_AVAILABILITY = YES_AGGRESSIVE;
				CLANG_WARN_UNREACHABLE_CODE = YES;
				CLANG_WARN__DUPLICATE_METHOD_MATCH = YES;
				COPY_PHASE_STRIP = NO;
				DEBUG_INFORMATION_FORMAT = "dwarf-with-dsym";
				ENABLE_NS_ASSERTIONS = NO;
				ENABLE_STRICT_OBJC_MSGSEND = YES;
				GCC_C_LANGUAGE_STANDARD = gnu11;
				GCC_NO_COMMON_BLOCKS = YES;
				GCC_WARN_64_TO_32_BIT_CONVERSION = YES;
				GCC_WARN_ABOUT_RETURN_TYPE = YES_ERROR;
				GCC_WARN_UNDECLARED_SELECTOR = YES;
				GCC_WARN_UNINITIALIZED_AUTOS = YES_AGGRESSIVE;
				GCC_WARN_UNUSED_FUNCTION = YES;
				GCC_WARN_UNUSED_VARIABLE = YES;
				IPHONEOS_DEPLOYMENT_TARGET = 16.4;
				MTL_ENABLE_DEBUG_INFO = NO;
				MTL_FAST_MATH = YES;
				SDKROOT = iphoneos;
				SWIFT_COMPILATION_MODE = wholemodule;
				SWIFT_OPTIMIZATION_LEVEL = "-O";
				VALIDATE_PRODUCT = YES;
			};
			name = Release;
		};
		CE85057E2A30E75800AA228B /* Debug */ = {
			isa = XCBuildConfiguration;
			buildSettings = {
				ASSETCATALOG_COMPILER_APPICON_NAME = AppIcon;
				ASSETCATALOG_COMPILER_GLOBAL_ACCENT_COLOR_NAME = AccentColor;
				CODE_SIGN_STYLE = Automatic;
				CURRENT_PROJECT_VERSION = 1;
				DEVELOPMENT_ASSET_PATHS = "\"QAQuiz/Preview Content\"";
				DEVELOPMENT_TEAM = JZ9WS35K59;
				ENABLE_PREVIEWS = YES;
				GENERATE_INFOPLIST_FILE = YES;
				INFOPLIST_FILE = QAQuiz/Info.plist;
				INFOPLIST_KEY_UIApplicationSceneManifest_Generation = YES;
				INFOPLIST_KEY_UIApplicationSupportsIndirectInputEvents = YES;
				INFOPLIST_KEY_UILaunchScreen_Generation = YES;
				INFOPLIST_KEY_UISupportedInterfaceOrientations_iPad = "UIInterfaceOrientationPortrait UIInterfaceOrientationPortraitUpsideDown UIInterfaceOrientationLandscapeLeft UIInterfaceOrientationLandscapeRight";
				INFOPLIST_KEY_UISupportedInterfaceOrientations_iPhone = "UIInterfaceOrientationPortrait UIInterfaceOrientationLandscapeLeft UIInterfaceOrientationLandscapeRight";
				INFOPLIST_KEY_UIUserInterfaceStyle = Dark;
				LD_RUNPATH_SEARCH_PATHS = (
					"$(inherited)",
					"@executable_path/Frameworks",
				);
				MARKETING_VERSION = 1.0;
				PRODUCT_BUNDLE_IDENTIFIER = r.regina.QAQuiz;
				PRODUCT_NAME = "$(TARGET_NAME)";
				SWIFT_EMIT_LOC_STRINGS = YES;
				SWIFT_VERSION = 5.0;
				TARGETED_DEVICE_FAMILY = "1,2";
			};
			name = Debug;
		};
		CE85057F2A30E75800AA228B /* Release */ = {
			isa = XCBuildConfiguration;
			buildSettings = {
				ASSETCATALOG_COMPILER_APPICON_NAME = AppIcon;
				ASSETCATALOG_COMPILER_GLOBAL_ACCENT_COLOR_NAME = AccentColor;
				CODE_SIGN_STYLE = Automatic;
				CURRENT_PROJECT_VERSION = 1;
				DEVELOPMENT_ASSET_PATHS = "\"QAQuiz/Preview Content\"";
				DEVELOPMENT_TEAM = JZ9WS35K59;
				ENABLE_PREVIEWS = YES;
				GENERATE_INFOPLIST_FILE = YES;
				INFOPLIST_FILE = QAQuiz/Info.plist;
				INFOPLIST_KEY_UIApplicationSceneManifest_Generation = YES;
				INFOPLIST_KEY_UIApplicationSupportsIndirectInputEvents = YES;
				INFOPLIST_KEY_UILaunchScreen_Generation = YES;
				INFOPLIST_KEY_UISupportedInterfaceOrientations_iPad = "UIInterfaceOrientationPortrait UIInterfaceOrientationPortraitUpsideDown UIInterfaceOrientationLandscapeLeft UIInterfaceOrientationLandscapeRight";
				INFOPLIST_KEY_UISupportedInterfaceOrientations_iPhone = "UIInterfaceOrientationPortrait UIInterfaceOrientationLandscapeLeft UIInterfaceOrientationLandscapeRight";
				INFOPLIST_KEY_UIUserInterfaceStyle = Dark;
				LD_RUNPATH_SEARCH_PATHS = (
					"$(inherited)",
					"@executable_path/Frameworks",
				);
				MARKETING_VERSION = 1.0;
				PRODUCT_BUNDLE_IDENTIFIER = r.regina.QAQuiz;
				PRODUCT_NAME = "$(TARGET_NAME)";
				SWIFT_EMIT_LOC_STRINGS = YES;
				SWIFT_VERSION = 5.0;
				TARGETED_DEVICE_FAMILY = "1,2";
			};
			name = Release;
		};
/* End XCBuildConfiguration section */

/* Begin XCConfigurationList section */
		CE85056A2A30E75500AA228B /* Build configuration list for PBXProject "QAQuiz" */ = {
			isa = XCConfigurationList;
			buildConfigurations = (
				CE85057B2A30E75800AA228B /* Debug */,
				CE85057C2A30E75800AA228B /* Release */,
			);
			defaultConfigurationIsVisible = 0;
			defaultConfigurationName = Release;
		};
		CE85057D2A30E75800AA228B /* Build configuration list for PBXNativeTarget "QAQuiz" */ = {
			isa = XCConfigurationList;
			buildConfigurations = (
				CE85057E2A30E75800AA228B /* Debug */,
				CE85057F2A30E75800AA228B /* Release */,
			);
			defaultConfigurationIsVisible = 0;
			defaultConfigurationName = Release;
		};
/* End XCConfigurationList section */

/* Begin XCRemoteSwiftPackageReference section */
		CE739DD02A435A6D0019B7EE /* XCRemoteSwiftPackageReference "firebase-ios-sdk" */ = {
			isa = XCRemoteSwiftPackageReference;
			repositoryURL = "https://github.com/firebase/firebase-ios-sdk";
			requirement = {
				kind = upToNextMajorVersion;
				minimumVersion = 10.0.0;
			};
		};
/* End XCRemoteSwiftPackageReference section */

/* Begin XCSwiftPackageProductDependency section */
		CE739DD12A435A6D0019B7EE /* FirebaseAnalytics */ = {
			isa = XCSwiftPackageProductDependency;
			package = CE739DD02A435A6D0019B7EE /* XCRemoteSwiftPackageReference "firebase-ios-sdk" */;
			productName = FirebaseAnalytics;
		};
		CE739DD32A435A6D0019B7EE /* FirebaseFirestore */ = {
			isa = XCSwiftPackageProductDependency;
			package = CE739DD02A435A6D0019B7EE /* XCRemoteSwiftPackageReference "firebase-ios-sdk" */;
			productName = FirebaseFirestore;
		};
		CE739DD52A435A6D0019B7EE /* FirebaseFirestoreSwift */ = {
			isa = XCSwiftPackageProductDependency;
			package = CE739DD02A435A6D0019B7EE /* XCRemoteSwiftPackageReference "firebase-ios-sdk" */;
			productName = FirebaseFirestoreSwift;
		};
/* End XCSwiftPackageProductDependency section */
	};
	rootObject = CE8505672A30E75500AA228B /* Project object */;
}
